
Microsoft Visual Studio Solution File, Format Version 12.00
# Visual Studio 15
VisualStudioVersion = 15.0.26228.96
MinimumVisualStudioVersion = 10.0.40219.1
Project("{FAE04EC0-301F-11D3-BF4B-00C04F79EFBC}") = "SerialDeviceSimulator", "SerialDeviceSimulator\SerialDeviceSimulator.csproj", "{204242FD-FE34-49EE-B519-D13FE22E0E7A}"
EndProject
Project("{FAE04EC0-301F-11D3-BF4B-00C04F79EFBC}") = "CRC32Tests", "CRC32Tests\CRC32Tests.csproj", "{D1609AA9-9EBD-432A-B853-04C1A6F3DDD6}"
EndProject
Global
	GlobalSection(SolutionConfigurationPlatforms) = preSolution
		Debug|Any CPU = Debug|Any CPU
		Release|Any CPU = Release|Any CPU
	EndGlobalSection
	GlobalSection(ProjectConfigurationPlatforms) = postSolution
		{204242FD-FE34-49EE-B519-D13FE22E0E7A}.Debug|Any CPU.ActiveCfg = Debug|Any CPU
		{204242FD-FE34-49EE-B519-D13FE22E0E7A}.Debug|Any CPU.Build.0 = Debug|Any CPU
		{204242FD-FE34-49EE-B519-D13FE22E0E7A}.Release|Any CPU.ActiveCfg = Release|Any CPU
		{204242FD-FE34-49EE-B519-D13FE22E0E7A}.Release|Any CPU.Build.0 = Release|Any CPU
		{D1609AA9-9EBD-432A-B853-04C1A6F3DDD6}.Debug|Any CPU.ActiveCfg = Debug|Any CPU
		{D1609AA9-9EBD-432A-B853-04C1A6F3DDD6}.Debug|Any CPU.Build.0 = Debug|Any CPU
		{D1609AA9-9EBD-432A-B853-04C1A6F3DDD6}.Release|Any CPU.ActiveCfg = Release|Any CPU
		{D1609AA9-9EBD-432A-B853-04C1A6F3DDD6}.Release|Any CPU.Build.0 = Release|Any CPU
	EndGlobalSection
	GlobalSection(SolutionProperties) = preSolution
		HideSolutionNode = FALSE
	EndGlobalSection
	GlobalSection(ExtensibilityGlobals) = postSolution
		SolutionGuid = {426D4F86-7549-4A2C-BB38-8DABBCDB0F87}
	EndGlobalSection
EndGlobal
